
Microsoft Visual Studio Solution File, Format Version 12.00
# Visual Studio Version 16
VisualStudioVersion = 16.0.31313.79
MinimumVisualStudioVersion = 10.0.40219.1
Project("{9A19103F-16F7-4668-BE54-9A1E7A4F7556}") = "SortProgram", "SortProgram.csproj", "{4BECFD31-F4EB-441F-891E-B35C51383580}"
EndProject
Global
	GlobalSection(SolutionConfigurationPlatforms) = preSolution
		Debug|Any CPU = Debug|Any CPU
		Release|Any CPU = Release|Any CPU
	EndGlobalSection
	GlobalSection(ProjectConfigurationPlatforms) = postSolution
		{4BECFD31-F4EB-441F-891E-B35C51383580}.Debug|Any CPU.ActiveCfg = Debug|Any CPU
		{4BECFD31-F4EB-441F-891E-B35C51383580}.Debug|Any CPU.Build.0 = Debug|Any CPU
		{4BECFD31-F4EB-441F-891E-B35C51383580}.Release|Any CPU.ActiveCfg = Release|Any CPU
		{4BECFD31-F4EB-441F-891E-B35C51383580}.Release|Any CPU.Build.0 = Release|Any CPU
	EndGlobalSection
	GlobalSection(SolutionProperties) = preSolution
		HideSolutionNode = FALSE
	EndGlobalSection
	GlobalSection(ExtensibilityGlobals) = postSolution
		SolutionGuid = {8A91E856-B6F8-4279-A8EE-5506A2A25BAF}
	EndGlobalSection
EndGlobal
